
Microsoft Visual Studio Solution File, Format Version 12.00
# Visual Studio Version 17
VisualStudioVersion = 17.8.34004.107
MinimumVisualStudioVersion = 10.0.40219.1
Project("{FAE04EC0-301F-11D3-BF4B-00C04F79EFBC}") = "AjaxCrud", "AjaxCrud\AjaxCrud.csproj", "{4394309C-F272-4AC0-8AD9-643F19E8055B}"
EndProject
Global
	GlobalSection(SolutionConfigurationPlatforms) = preSolution
		Debug|Any CPU = Debug|Any CPU
		Release|Any CPU = Release|Any CPU
	EndGlobalSection
	GlobalSection(ProjectConfigurationPlatforms) = postSolution
		{4394309C-F272-4AC0-8AD9-643F19E8055B}.Debug|Any CPU.ActiveCfg = Debug|Any CPU
		{4394309C-F272-4AC0-8AD9-643F19E8055B}.Debug|Any CPU.Build.0 = Debug|Any CPU
		{4394309C-F272-4AC0-8AD9-643F19E8055B}.Release|Any CPU.ActiveCfg = Release|Any CPU
		{4394309C-F272-4AC0-8AD9-643F19E8055B}.Release|Any CPU.Build.0 = Release|Any CPU
	EndGlobalSection
	GlobalSection(SolutionProperties) = preSolution
		HideSolutionNode = FALSE
	EndGlobalSection
	GlobalSection(ExtensibilityGlobals) = postSolution
		SolutionGuid = {C5D504AD-BDCB-4FC0-A244-4C3313F3EE67}
	EndGlobalSection
EndGlobal
